<?xml version="1.0" encoding="UTF-8"?>
<CONFIG>
  <ProjectOptions>
    <Version Value="12"/>
    <General>
      <Flags>
        <CompatibilityMode Value="True"/>
      </Flags>
      <SessionStorage Value="InProjectDir"/>
      <Title Value="DigIt"/>
      <Scaled Value="True"/>
      <ResourceType Value="res"/>
      <UseXPManifest Value="True"/>
      <Icon Value="0"/>
    </General>
    <i18n>
      <EnableI18N Value="True"/>
    </i18n>
    <BuildModes Count="2">
      <Item1 Name="Release" Default="True"/>
      <Item2 Name="Debug">
        <CompilerOptions>
          <Version Value="11"/>
          <Target>
            <Filename Value="bin/$(TargetCPU)-$(TargetOS)-$(FPCVer)/DigIt-dbg"/>
          </Target>
          <SearchPaths>
            <IncludeFiles Value="$(ProjOutDir)"/>
            <UnitOutputDirectory Value="lib/$(TargetCPU)-$(TargetOS)-$(FPCVer)"/>
          </SearchPaths>
          <BuildMacros>
            <Count Value="1"/>
            <Item1>
              <Identifier Value="debug"/>
            </Item1>
          </BuildMacros>
          <Parsing>
            <SyntaxOptions>
              <CStyleOperator Value="False"/>
              <AllowLabel Value="False"/>
            </SyntaxOptions>
          </Parsing>
          <CodeGeneration>
            <Checks>
              <OverflowChecks Value="True"/>
              <StackChecks Value="True"/>
            </Checks>
            <Optimizations>
              <OptimizationLevel Value="0"/>
            </Optimizations>
          </CodeGeneration>
          <Linking>
            <Debugging>
              <DebugInfoType Value="dsDwarf2Set"/>
            </Debugging>
            <Options>
              <Win32>
                <GraphicApplication Value="True"/>
              </Win32>
            </Options>
          </Linking>
          <Other>
            <ConfigFile>
              <WriteConfigFilePath Value="$(ProjOutDir)/fpclaz.cfg"/>
            </ConfigFile>
          </Other>
        </CompilerOptions>
      </Item2>
    </BuildModes>
    <PublishOptions>
      <Version Value="2"/>
    </PublishOptions>
    <RunParams>
      <local>
        <LaunchingApplication PathPlusParams="/usr/bin/xterm -T &apos;Lazarus Run Output&apos; -e $(LazarusDir)/tools/runwait.sh $(TargetCmdLine)"/>
      </local>
      <FormatVersion Value="2"/>
      <Modes Count="2">
        <Mode0 Name="default">
          <local>
            <LaunchingApplication PathPlusParams="/usr/bin/xterm -T &apos;Lazarus Run Output&apos; -e $(LazarusDir)/tools/runwait.sh $(TargetCmdLine)"/>
          </local>
        </Mode0>
        <Mode1 Name="Debug">
          <local>
            <CommandLineParams Value="--debug-log=digit.log"/>
            <LaunchingApplication PathPlusParams="/usr/bin/xterm -T &apos;Lazarus Run Output&apos; -e $(LazarusDir)/tools/runwait.sh $(TargetCmdLine)"/>
          </local>
        </Mode1>
      </Modes>
    </RunParams>
    <RequiredPackages Count="7">
      <Item1>
        <PackageName Value="DelphiTwain_pkg"/>
      </Item1>
      <Item2>
        <PackageName Value="LazControls"/>
      </Item2>
      <Item3>
        <PackageName Value="LazControlDsgn"/>
      </Item3>
      <Item4>
        <PackageName Value="BGRABitmapPack"/>
      </Item4>
      <Item5>
        <PackageName Value="bgracontrols"/>
      </Item5>
      <Item6>
        <PackageName Value="Pexpandpanels"/>
      </Item6>
      <Item7>
        <PackageName Value="LCL"/>
      </Item7>
    </RequiredPackages>
    <Units Count="11">
      <Unit0>
        <Filename Value="DigIt.lpr"/>
        <IsPartOfProject Value="True"/>
      </Unit0>
      <Unit1>
        <Filename Value="DigIt_form_main.pas"/>
        <IsPartOfProject Value="True"/>
        <ComponentName Value="DigIt_Main"/>
        <HasResources Value="True"/>
        <ResourceBaseClass Value="Form"/>
      </Unit1>
      <Unit2>
        <Filename Value="Digit_Bridge.pas"/>
        <IsPartOfProject Value="True"/>
      </Unit2>
      <Unit3>
        <Filename Value="digit_taker_twain.pas"/>
        <IsPartOfProject Value="True"/>
        <UnitName Value="Digit_Taker_Twain"/>
      </Unit3>
      <Unit4>
        <Filename Value="digit_utils.pas"/>
        <IsPartOfProject Value="True"/>
        <UnitName Value="DigIt_Utils"/>
      </Unit4>
      <Unit5>
        <Filename Value="_appunti.txt"/>
        <IsPartOfProject Value="True"/>
      </Unit5>
      <Unit6>
        <Filename Value="digit_counters.pas"/>
        <IsPartOfProject Value="True"/>
        <UnitName Value="DigIt_Counters"/>
      </Unit6>
      <Unit7>
        <Filename Value="DigIt_types.pas"/>
        <IsPartOfProject Value="True"/>
        <UnitName Value="DigIt_Types"/>
      </Unit7>
      <Unit8>
        <Filename Value="digit_taker_folder.pas"/>
        <IsPartOfProject Value="True"/>
        <UnitName Value="Digit_Taker_Folder"/>
      </Unit8>
      <Unit9>
        <Filename Value="digit_form_templates.pas"/>
        <IsPartOfProject Value="True"/>
        <ComponentName Value="DigIt_Templates"/>
        <HasResources Value="True"/>
        <ResourceBaseClass Value="Form"/>
        <UnitName Value="DigIt_Form_Templates"/>
      </Unit9>
      <Unit10>
        <Filename Value="digit_taker_twain_types.pas"/>
        <IsPartOfProject Value="True"/>
        <UnitName Value="Digit_Taker_Twain_Types"/>
      </Unit10>
    </Units>
  </ProjectOptions>
  <CompilerOptions>
    <Version Value="11"/>
    <Target>
      <Filename Value="bin/$(TargetCPU)-$(TargetOS)-$(FPCVer)/DigIt"/>
    </Target>
    <SearchPaths>
      <IncludeFiles Value="$(ProjOutDir)"/>
      <OtherUnitFiles Value="/home/maxm/Programming/Lazarus/Common"/>
      <UnitOutputDirectory Value="lib/$(TargetCPU)-$(TargetOS)-$(FPCVer)"/>
    </SearchPaths>
    <Parsing>
      <SyntaxOptions>
        <CStyleOperator Value="False"/>
        <AllowLabel Value="False"/>
      </SyntaxOptions>
    </Parsing>
    <CodeGeneration>
      <Checks>
        <OverflowChecks Value="True"/>
        <StackChecks Value="True"/>
      </Checks>
      <Optimizations>
        <OptimizationLevel Value="3"/>
      </Optimizations>
    </CodeGeneration>
    <Linking>
      <Debugging>
        <GenerateDebugInfo Value="False"/>
      </Debugging>
      <Options>
        <Win32>
          <GraphicApplication Value="True"/>
        </Win32>
      </Options>
    </Linking>
    <Other>
      <ConfigFile>
        <WriteConfigFilePath Value="$(ProjOutDir)/fpclaz.cfg"/>
      </ConfigFile>
    </Other>
  </CompilerOptions>
  <Debugging>
    <Exceptions Count="5">
      <Item1>
        <Name Value="EAbort"/>
      </Item1>
      <Item2>
        <Name Value="ECodetoolError"/>
      </Item2>
      <Item3>
        <Name Value="EFOpenError"/>
      </Item3>
      <Item4>
        <Name Value="EInvalidGraphic"/>
      </Item4>
      <Item5>
        <Name Value="EListError"/>
      </Item5>
    </Exceptions>
  </Debugging>
</CONFIG>
